
Microsoft Visual Studio Solution File, Format Version 12.00
# Visual Studio Version 17
VisualStudioVersion = 17.10.35122.118
MinimumVisualStudioVersion = 10.0.40219.1
Project("{FAE04EC0-301F-11D3-BF4B-00C04F79EFBC}") = "FormUsingTagHelper", "FormUsingTagHelper\FormUsingTagHelper.csproj", "{0D31D9F6-77D8-4AF4-970A-E1B0ECF230B1}"
EndProject
Global
	GlobalSection(SolutionConfigurationPlatforms) = preSolution
		Debug|Any CPU = Debug|Any CPU
		Release|Any CPU = Release|Any CPU
	EndGlobalSection
	GlobalSection(ProjectConfigurationPlatforms) = postSolution
		{0D31D9F6-77D8-4AF4-970A-E1B0ECF230B1}.Debug|Any CPU.ActiveCfg = Debug|Any CPU
		{0D31D9F6-77D8-4AF4-970A-E1B0ECF230B1}.Debug|Any CPU.Build.0 = Debug|Any CPU
		{0D31D9F6-77D8-4AF4-970A-E1B0ECF230B1}.Release|Any CPU.ActiveCfg = Release|Any CPU
		{0D31D9F6-77D8-4AF4-970A-E1B0ECF230B1}.Release|Any CPU.Build.0 = Release|Any CPU
	EndGlobalSection
	GlobalSection(SolutionProperties) = preSolution
		HideSolutionNode = FALSE
	EndGlobalSection
	GlobalSection(ExtensibilityGlobals) = postSolution
		SolutionGuid = {592F2439-C03E-4B65-85F8-36AC132BBE20}
	EndGlobalSection
EndGlobal
