
Microsoft Visual Studio Solution File, Format Version 12.00
# Visual Studio Version 17
VisualStudioVersion = 17.10.35122.118
MinimumVisualStudioVersion = 10.0.40219.1
Project("{FAE04EC0-301F-11D3-BF4B-00C04F79EFBC}") = "PassingValuetoView", "PassingValuetoView\PassingValuetoView.csproj", "{1045818F-BE33-439B-9A9D-5717B99AE145}"
EndProject
Global
	GlobalSection(SolutionConfigurationPlatforms) = preSolution
		Debug|Any CPU = Debug|Any CPU
		Release|Any CPU = Release|Any CPU
	EndGlobalSection
	GlobalSection(ProjectConfigurationPlatforms) = postSolution
		{1045818F-BE33-439B-9A9D-5717B99AE145}.Debug|Any CPU.ActiveCfg = Debug|Any CPU
		{1045818F-BE33-439B-9A9D-5717B99AE145}.Debug|Any CPU.Build.0 = Debug|Any CPU
		{1045818F-BE33-439B-9A9D-5717B99AE145}.Release|Any CPU.ActiveCfg = Release|Any CPU
		{1045818F-BE33-439B-9A9D-5717B99AE145}.Release|Any CPU.Build.0 = Release|Any CPU
	EndGlobalSection
	GlobalSection(SolutionProperties) = preSolution
		HideSolutionNode = FALSE
	EndGlobalSection
	GlobalSection(ExtensibilityGlobals) = postSolution
		SolutionGuid = {DDCAEF12-E19F-449D-8812-CF870656FD67}
	EndGlobalSection
EndGlobal
