
Microsoft Visual Studio Solution File, Format Version 12.00
# Visual Studio Version 17
VisualStudioVersion = 17.10.35122.118
MinimumVisualStudioVersion = 10.0.40219.1
Project("{FAE04EC0-301F-11D3-BF4B-00C04F79EFBC}") = "MapMethodRouting", "MapMethodRouting\MapMethodRouting.csproj", "{C9455AAE-27FC-4800-8B77-7BD27D02E170}"
EndProject
Global
	GlobalSection(SolutionConfigurationPlatforms) = preSolution
		Debug|Any CPU = Debug|Any CPU
		Release|Any CPU = Release|Any CPU
	EndGlobalSection
	GlobalSection(ProjectConfigurationPlatforms) = postSolution
		{C9455AAE-27FC-4800-8B77-7BD27D02E170}.Debug|Any CPU.ActiveCfg = Debug|Any CPU
		{C9455AAE-27FC-4800-8B77-7BD27D02E170}.Debug|Any CPU.Build.0 = Debug|Any CPU
		{C9455AAE-27FC-4800-8B77-7BD27D02E170}.Release|Any CPU.ActiveCfg = Release|Any CPU
		{C9455AAE-27FC-4800-8B77-7BD27D02E170}.Release|Any CPU.Build.0 = Release|Any CPU
	EndGlobalSection
	GlobalSection(SolutionProperties) = preSolution
		HideSolutionNode = FALSE
	EndGlobalSection
	GlobalSection(ExtensibilityGlobals) = postSolution
		SolutionGuid = {B141BE50-F957-4393-B21C-B4D87EEFFC5E}
	EndGlobalSection
EndGlobal
