
Microsoft Visual Studio Solution File, Format Version 12.00
# Visual Studio Version 17
VisualStudioVersion = 17.10.35122.118
MinimumVisualStudioVersion = 10.0.40219.1
Project("{FAE04EC0-301F-11D3-BF4B-00C04F79EFBC}") = "AuthenticationDemo", "AuthenticationDemo\AuthenticationDemo.csproj", "{F50647BD-173F-48A9-BF92-B3816CCC50DF}"
EndProject
Global
	GlobalSection(SolutionConfigurationPlatforms) = preSolution
		Debug|Any CPU = Debug|Any CPU
		Release|Any CPU = Release|Any CPU
	EndGlobalSection
	GlobalSection(ProjectConfigurationPlatforms) = postSolution
		{F50647BD-173F-48A9-BF92-B3816CCC50DF}.Debug|Any CPU.ActiveCfg = Debug|Any CPU
		{F50647BD-173F-48A9-BF92-B3816CCC50DF}.Debug|Any CPU.Build.0 = Debug|Any CPU
		{F50647BD-173F-48A9-BF92-B3816CCC50DF}.Release|Any CPU.ActiveCfg = Release|Any CPU
		{F50647BD-173F-48A9-BF92-B3816CCC50DF}.Release|Any CPU.Build.0 = Release|Any CPU
	EndGlobalSection
	GlobalSection(SolutionProperties) = preSolution
		HideSolutionNode = FALSE
	EndGlobalSection
	GlobalSection(ExtensibilityGlobals) = postSolution
		SolutionGuid = {8019F36D-5E08-467E-905D-38004E8BF23D}
	EndGlobalSection
EndGlobal
