
Microsoft Visual Studio Solution File, Format Version 12.00
# Visual Studio Version 17
VisualStudioVersion = 17.10.35122.118
MinimumVisualStudioVersion = 10.0.40219.1
Project("{FAE04EC0-301F-11D3-BF4B-00C04F79EFBC}") = "MyFirstPracticeProgramCSharp", "MyFirstPracticeProgramCSharp\MyFirstPracticeProgramCSharp.csproj", "{CF99B3CA-C3EF-4872-A9EC-49B50609DC4C}"
EndProject
Global
	GlobalSection(SolutionConfigurationPlatforms) = preSolution
		Debug|Any CPU = Debug|Any CPU
		Release|Any CPU = Release|Any CPU
	EndGlobalSection
	GlobalSection(ProjectConfigurationPlatforms) = postSolution
		{CF99B3CA-C3EF-4872-A9EC-49B50609DC4C}.Debug|Any CPU.ActiveCfg = Debug|Any CPU
		{CF99B3CA-C3EF-4872-A9EC-49B50609DC4C}.Debug|Any CPU.Build.0 = Debug|Any CPU
		{CF99B3CA-C3EF-4872-A9EC-49B50609DC4C}.Release|Any CPU.ActiveCfg = Release|Any CPU
		{CF99B3CA-C3EF-4872-A9EC-49B50609DC4C}.Release|Any CPU.Build.0 = Release|Any CPU
	EndGlobalSection
	GlobalSection(SolutionProperties) = preSolution
		HideSolutionNode = FALSE
	EndGlobalSection
	GlobalSection(ExtensibilityGlobals) = postSolution
		SolutionGuid = {5C3F44E2-F97D-4AA2-AFB0-1EEC3147B155}
	EndGlobalSection
EndGlobal
