
Microsoft Visual Studio Solution File, Format Version 12.00
# Visual Studio Version 17
VisualStudioVersion = 17.10.35122.118
MinimumVisualStudioVersion = 10.0.40219.1
Project("{FAE04EC0-301F-11D3-BF4B-00C04F79EFBC}") = "DatabaseFirstApproch", "DatabaseFirstApproch\DatabaseFirstApproch.csproj", "{8DE5540C-E1FE-4BF7-8E1C-F1F041A42C34}"
EndProject
Global
	GlobalSection(SolutionConfigurationPlatforms) = preSolution
		Debug|Any CPU = Debug|Any CPU
		Release|Any CPU = Release|Any CPU
	EndGlobalSection
	GlobalSection(ProjectConfigurationPlatforms) = postSolution
		{8DE5540C-E1FE-4BF7-8E1C-F1F041A42C34}.Debug|Any CPU.ActiveCfg = Debug|Any CPU
		{8DE5540C-E1FE-4BF7-8E1C-F1F041A42C34}.Debug|Any CPU.Build.0 = Debug|Any CPU
		{8DE5540C-E1FE-4BF7-8E1C-F1F041A42C34}.Release|Any CPU.ActiveCfg = Release|Any CPU
		{8DE5540C-E1FE-4BF7-8E1C-F1F041A42C34}.Release|Any CPU.Build.0 = Release|Any CPU
	EndGlobalSection
	GlobalSection(SolutionProperties) = preSolution
		HideSolutionNode = FALSE
	EndGlobalSection
	GlobalSection(ExtensibilityGlobals) = postSolution
		SolutionGuid = {E88AA757-5809-4929-95DE-2A5B0D13A312}
	EndGlobalSection
EndGlobal
